
Microsoft Visual Studio Solution File, Format Version 12.00
# Visual Studio 2013
VisualStudioVersion = 12.0.40629.0
MinimumVisualStudioVersion = 10.0.40219.1
Project("{FAE04EC0-301F-11D3-BF4B-00C04F79EFBC}") = "CCNet.Extensions.Plugin", "CCNet.Extensions.Plugin\CCNet.Extensions.Plugin.csproj", "{53DB7203-BDF9-4711-A4C6-28EAD1C8524F}"
EndProject
Project("{FAE04EC0-301F-11D3-BF4B-00C04F79EFBC}") = "CCNet.Build.Common", "CCNet.Build.Common\CCNet.Build.Common.csproj", "{439EFE6A-A065-4346-8793-8540452B0924}"
EndProject
Project("{FAE04EC0-301F-11D3-BF4B-00C04F79EFBC}") = "CCNet.Build.GenerateNuspec", "CCNet.Build.GenerateNuspec\CCNet.Build.GenerateNuspec.csproj", "{8A4C0F34-F43A-49F9-8261-C8602B105F66}"
EndProject
Global
	GlobalSection(SolutionConfigurationPlatforms) = preSolution
		Debug|Any CPU = Debug|Any CPU
		Release|Any CPU = Release|Any CPU
	EndGlobalSection
	GlobalSection(ProjectConfigurationPlatforms) = postSolution
		{53DB7203-BDF9-4711-A4C6-28EAD1C8524F}.Debug|Any CPU.ActiveCfg = Debug|Any CPU
		{53DB7203-BDF9-4711-A4C6-28EAD1C8524F}.Debug|Any CPU.Build.0 = Debug|Any CPU
		{53DB7203-BDF9-4711-A4C6-28EAD1C8524F}.Release|Any CPU.ActiveCfg = Release|Any CPU
		{53DB7203-BDF9-4711-A4C6-28EAD1C8524F}.Release|Any CPU.Build.0 = Release|Any CPU
		{439EFE6A-A065-4346-8793-8540452B0924}.Debug|Any CPU.ActiveCfg = Debug|Any CPU
		{439EFE6A-A065-4346-8793-8540452B0924}.Debug|Any CPU.Build.0 = Debug|Any CPU
		{439EFE6A-A065-4346-8793-8540452B0924}.Release|Any CPU.ActiveCfg = Release|Any CPU
		{439EFE6A-A065-4346-8793-8540452B0924}.Release|Any CPU.Build.0 = Release|Any CPU
		{8A4C0F34-F43A-49F9-8261-C8602B105F66}.Debug|Any CPU.ActiveCfg = Debug|Any CPU
		{8A4C0F34-F43A-49F9-8261-C8602B105F66}.Debug|Any CPU.Build.0 = Debug|Any CPU
		{8A4C0F34-F43A-49F9-8261-C8602B105F66}.Release|Any CPU.ActiveCfg = Release|Any CPU
		{8A4C0F34-F43A-49F9-8261-C8602B105F66}.Release|Any CPU.Build.0 = Release|Any CPU
	EndGlobalSection
	GlobalSection(SolutionProperties) = preSolution
		HideSolutionNode = FALSE
	EndGlobalSection
	GlobalSection(TestCaseManagementSettings) = postSolution
		CategoryFile = CCNet.Extensions.vsmdi
	EndGlobalSection
EndGlobal
