
Microsoft Visual Studio Solution File, Format Version 11.00
# Visual Studio 2010
Project("{FAE04EC0-301F-11D3-BF4B-00C04F79EFBC}") = "CCNet.Extensions.Plugin", "ccnet.extensions.plugin\CCNet.Extensions.Plugin.csproj", "{53DB7203-BDF9-4711-A4C6-28EAD1C8524F}"
EndProject
Project("{FAE04EC0-301F-11D3-BF4B-00C04F79EFBC}") = "CCNet.ProjectAdapter", "CCNet.ProjectAdapter\CCNet.ProjectAdapter.csproj", "{E8CDB0BD-9DE3-4C4E-9DA8-44287F564151}"
EndProject
Project("{FAE04EC0-301F-11D3-BF4B-00C04F79EFBC}") = "CCNet.Common", "CCNet.Common\CCNet.Common.csproj", "{FAF27742-776A-4FD8-B58D-6255ECE24BA8}"
EndProject
Project("{FAE04EC0-301F-11D3-BF4B-00C04F79EFBC}") = "CCNet.ProjectChecker", "CCNet.ProjectChecker\CCNet.ProjectChecker.csproj", "{B59DD73C-E77B-4BE3-A614-09F987539614}"
EndProject
Project("{FAE04EC0-301F-11D3-BF4B-00C04F79EFBC}") = "CCNet.ProjectNotifier", "CCNet.ProjectNotifier\CCNet.ProjectNotifier.csproj", "{D4EA0C87-9728-48E9-9789-BACF41A900BF}"
EndProject
Project("{FAE04EC0-301F-11D3-BF4B-00C04F79EFBC}") = "CCNet.ProjectNotifier.Tests", "CCNet.ProjectNotifier.Tests\CCNet.ProjectNotifier.Tests.csproj", "{D792F3A8-BDBD-4BEB-B916-A88478AE805E}"
EndProject
Project("{FAE04EC0-301F-11D3-BF4B-00C04F79EFBC}") = "CCNet.ServiceChecker", "CCNet.ServiceChecker\CCNet.ServiceChecker.csproj", "{6B07E871-53E5-4C6E-90E2-763188E4E512}"
EndProject
Project("{2150E333-8FDC-42A3-9474-1A3956D46DE8}") = "Solution Items", "Solution Items", "{B6066512-0720-4A69-9BD1-4534AF8DA555}"
	ProjectSection(SolutionItems) = preProject
		CCNet.Extensions.vsmdi = CCNet.Extensions.vsmdi
		Local.testsettings = Local.testsettings
		TraceAndTestImpact.testsettings = TraceAndTestImpact.testsettings
	EndProjectSection
EndProject
Project("{FAE04EC0-301F-11D3-BF4B-00C04F79EFBC}") = "CCNet.Common.Tests", "CCNet.Common.Tests\CCNet.Common.Tests.csproj", "{4E6AD2C7-7C0B-4B24-9B9D-1CCA5AF7087C}"
EndProject
Global
	GlobalSection(TestCaseManagementSettings) = postSolution
		CategoryFile = CCNet.Extensions.vsmdi
	EndGlobalSection
	GlobalSection(SolutionConfigurationPlatforms) = preSolution
		Debug|Any CPU = Debug|Any CPU
		Debug|Mixed Platforms = Debug|Mixed Platforms
		Debug|x86 = Debug|x86
		Release|Any CPU = Release|Any CPU
		Release|Mixed Platforms = Release|Mixed Platforms
		Release|x86 = Release|x86
	EndGlobalSection
	GlobalSection(ProjectConfigurationPlatforms) = postSolution
		{53DB7203-BDF9-4711-A4C6-28EAD1C8524F}.Debug|Any CPU.ActiveCfg = Debug|Any CPU
		{53DB7203-BDF9-4711-A4C6-28EAD1C8524F}.Debug|Any CPU.Build.0 = Debug|Any CPU
		{53DB7203-BDF9-4711-A4C6-28EAD1C8524F}.Debug|Mixed Platforms.ActiveCfg = Debug|Any CPU
		{53DB7203-BDF9-4711-A4C6-28EAD1C8524F}.Debug|Mixed Platforms.Build.0 = Debug|Any CPU
		{53DB7203-BDF9-4711-A4C6-28EAD1C8524F}.Debug|x86.ActiveCfg = Debug|Any CPU
		{53DB7203-BDF9-4711-A4C6-28EAD1C8524F}.Release|Any CPU.ActiveCfg = Release|Any CPU
		{53DB7203-BDF9-4711-A4C6-28EAD1C8524F}.Release|Any CPU.Build.0 = Release|Any CPU
		{53DB7203-BDF9-4711-A4C6-28EAD1C8524F}.Release|Mixed Platforms.ActiveCfg = Release|Any CPU
		{53DB7203-BDF9-4711-A4C6-28EAD1C8524F}.Release|Mixed Platforms.Build.0 = Release|Any CPU
		{53DB7203-BDF9-4711-A4C6-28EAD1C8524F}.Release|x86.ActiveCfg = Release|Any CPU
		{E8CDB0BD-9DE3-4C4E-9DA8-44287F564151}.Debug|Any CPU.ActiveCfg = Debug|x86
		{E8CDB0BD-9DE3-4C4E-9DA8-44287F564151}.Debug|Mixed Platforms.ActiveCfg = Debug|x86
		{E8CDB0BD-9DE3-4C4E-9DA8-44287F564151}.Debug|Mixed Platforms.Build.0 = Debug|x86
		{E8CDB0BD-9DE3-4C4E-9DA8-44287F564151}.Debug|x86.ActiveCfg = Debug|x86
		{E8CDB0BD-9DE3-4C4E-9DA8-44287F564151}.Debug|x86.Build.0 = Debug|x86
		{E8CDB0BD-9DE3-4C4E-9DA8-44287F564151}.Release|Any CPU.ActiveCfg = Release|x86
		{E8CDB0BD-9DE3-4C4E-9DA8-44287F564151}.Release|Mixed Platforms.ActiveCfg = Release|x86
		{E8CDB0BD-9DE3-4C4E-9DA8-44287F564151}.Release|Mixed Platforms.Build.0 = Release|x86
		{E8CDB0BD-9DE3-4C4E-9DA8-44287F564151}.Release|x86.ActiveCfg = Release|x86
		{E8CDB0BD-9DE3-4C4E-9DA8-44287F564151}.Release|x86.Build.0 = Release|x86
		{FAF27742-776A-4FD8-B58D-6255ECE24BA8}.Debug|Any CPU.ActiveCfg = Debug|Any CPU
		{FAF27742-776A-4FD8-B58D-6255ECE24BA8}.Debug|Any CPU.Build.0 = Debug|Any CPU
		{FAF27742-776A-4FD8-B58D-6255ECE24BA8}.Debug|Mixed Platforms.ActiveCfg = Debug|Any CPU
		{FAF27742-776A-4FD8-B58D-6255ECE24BA8}.Debug|Mixed Platforms.Build.0 = Debug|Any CPU
		{FAF27742-776A-4FD8-B58D-6255ECE24BA8}.Debug|x86.ActiveCfg = Debug|Any CPU
		{FAF27742-776A-4FD8-B58D-6255ECE24BA8}.Release|Any CPU.ActiveCfg = Release|Any CPU
		{FAF27742-776A-4FD8-B58D-6255ECE24BA8}.Release|Any CPU.Build.0 = Release|Any CPU
		{FAF27742-776A-4FD8-B58D-6255ECE24BA8}.Release|Mixed Platforms.ActiveCfg = Release|Any CPU
		{FAF27742-776A-4FD8-B58D-6255ECE24BA8}.Release|Mixed Platforms.Build.0 = Release|Any CPU
		{FAF27742-776A-4FD8-B58D-6255ECE24BA8}.Release|x86.ActiveCfg = Release|Any CPU
		{B59DD73C-E77B-4BE3-A614-09F987539614}.Debug|Any CPU.ActiveCfg = Debug|x86
		{B59DD73C-E77B-4BE3-A614-09F987539614}.Debug|Mixed Platforms.ActiveCfg = Debug|x86
		{B59DD73C-E77B-4BE3-A614-09F987539614}.Debug|Mixed Platforms.Build.0 = Debug|x86
		{B59DD73C-E77B-4BE3-A614-09F987539614}.Debug|x86.ActiveCfg = Debug|x86
		{B59DD73C-E77B-4BE3-A614-09F987539614}.Debug|x86.Build.0 = Debug|x86
		{B59DD73C-E77B-4BE3-A614-09F987539614}.Release|Any CPU.ActiveCfg = Release|x86
		{B59DD73C-E77B-4BE3-A614-09F987539614}.Release|Mixed Platforms.ActiveCfg = Release|x86
		{B59DD73C-E77B-4BE3-A614-09F987539614}.Release|Mixed Platforms.Build.0 = Release|x86
		{B59DD73C-E77B-4BE3-A614-09F987539614}.Release|x86.ActiveCfg = Release|x86
		{B59DD73C-E77B-4BE3-A614-09F987539614}.Release|x86.Build.0 = Release|x86
		{D4EA0C87-9728-48E9-9789-BACF41A900BF}.Debug|Any CPU.ActiveCfg = Debug|x86
		{D4EA0C87-9728-48E9-9789-BACF41A900BF}.Debug|Mixed Platforms.ActiveCfg = Debug|x86
		{D4EA0C87-9728-48E9-9789-BACF41A900BF}.Debug|Mixed Platforms.Build.0 = Debug|x86
		{D4EA0C87-9728-48E9-9789-BACF41A900BF}.Debug|x86.ActiveCfg = Debug|x86
		{D4EA0C87-9728-48E9-9789-BACF41A900BF}.Debug|x86.Build.0 = Debug|x86
		{D4EA0C87-9728-48E9-9789-BACF41A900BF}.Release|Any CPU.ActiveCfg = Release|x86
		{D4EA0C87-9728-48E9-9789-BACF41A900BF}.Release|Mixed Platforms.ActiveCfg = Release|x86
		{D4EA0C87-9728-48E9-9789-BACF41A900BF}.Release|Mixed Platforms.Build.0 = Release|x86
		{D4EA0C87-9728-48E9-9789-BACF41A900BF}.Release|x86.ActiveCfg = Release|x86
		{D4EA0C87-9728-48E9-9789-BACF41A900BF}.Release|x86.Build.0 = Release|x86
		{D792F3A8-BDBD-4BEB-B916-A88478AE805E}.Debug|Any CPU.ActiveCfg = Debug|Any CPU
		{D792F3A8-BDBD-4BEB-B916-A88478AE805E}.Debug|Any CPU.Build.0 = Debug|Any CPU
		{D792F3A8-BDBD-4BEB-B916-A88478AE805E}.Debug|Mixed Platforms.ActiveCfg = Debug|Any CPU
		{D792F3A8-BDBD-4BEB-B916-A88478AE805E}.Debug|Mixed Platforms.Build.0 = Debug|Any CPU
		{D792F3A8-BDBD-4BEB-B916-A88478AE805E}.Debug|x86.ActiveCfg = Debug|Any CPU
		{D792F3A8-BDBD-4BEB-B916-A88478AE805E}.Release|Any CPU.ActiveCfg = Release|Any CPU
		{D792F3A8-BDBD-4BEB-B916-A88478AE805E}.Release|Any CPU.Build.0 = Release|Any CPU
		{D792F3A8-BDBD-4BEB-B916-A88478AE805E}.Release|Mixed Platforms.ActiveCfg = Release|Any CPU
		{D792F3A8-BDBD-4BEB-B916-A88478AE805E}.Release|Mixed Platforms.Build.0 = Release|Any CPU
		{D792F3A8-BDBD-4BEB-B916-A88478AE805E}.Release|x86.ActiveCfg = Release|Any CPU
		{6B07E871-53E5-4C6E-90E2-763188E4E512}.Debug|Any CPU.ActiveCfg = Debug|x86
		{6B07E871-53E5-4C6E-90E2-763188E4E512}.Debug|Mixed Platforms.ActiveCfg = Debug|x86
		{6B07E871-53E5-4C6E-90E2-763188E4E512}.Debug|Mixed Platforms.Build.0 = Debug|x86
		{6B07E871-53E5-4C6E-90E2-763188E4E512}.Debug|x86.ActiveCfg = Debug|x86
		{6B07E871-53E5-4C6E-90E2-763188E4E512}.Debug|x86.Build.0 = Debug|x86
		{6B07E871-53E5-4C6E-90E2-763188E4E512}.Release|Any CPU.ActiveCfg = Release|x86
		{6B07E871-53E5-4C6E-90E2-763188E4E512}.Release|Mixed Platforms.ActiveCfg = Release|x86
		{6B07E871-53E5-4C6E-90E2-763188E4E512}.Release|Mixed Platforms.Build.0 = Release|x86
		{6B07E871-53E5-4C6E-90E2-763188E4E512}.Release|x86.ActiveCfg = Release|x86
		{6B07E871-53E5-4C6E-90E2-763188E4E512}.Release|x86.Build.0 = Release|x86
		{4E6AD2C7-7C0B-4B24-9B9D-1CCA5AF7087C}.Debug|Any CPU.ActiveCfg = Debug|Any CPU
		{4E6AD2C7-7C0B-4B24-9B9D-1CCA5AF7087C}.Debug|Any CPU.Build.0 = Debug|Any CPU
		{4E6AD2C7-7C0B-4B24-9B9D-1CCA5AF7087C}.Debug|Mixed Platforms.ActiveCfg = Debug|Any CPU
		{4E6AD2C7-7C0B-4B24-9B9D-1CCA5AF7087C}.Debug|Mixed Platforms.Build.0 = Debug|Any CPU
		{4E6AD2C7-7C0B-4B24-9B9D-1CCA5AF7087C}.Debug|x86.ActiveCfg = Debug|Any CPU
		{4E6AD2C7-7C0B-4B24-9B9D-1CCA5AF7087C}.Release|Any CPU.ActiveCfg = Release|Any CPU
		{4E6AD2C7-7C0B-4B24-9B9D-1CCA5AF7087C}.Release|Any CPU.Build.0 = Release|Any CPU
		{4E6AD2C7-7C0B-4B24-9B9D-1CCA5AF7087C}.Release|Mixed Platforms.ActiveCfg = Release|Any CPU
		{4E6AD2C7-7C0B-4B24-9B9D-1CCA5AF7087C}.Release|Mixed Platforms.Build.0 = Release|Any CPU
		{4E6AD2C7-7C0B-4B24-9B9D-1CCA5AF7087C}.Release|x86.ActiveCfg = Release|Any CPU
	EndGlobalSection
	GlobalSection(SolutionProperties) = preSolution
		HideSolutionNode = FALSE
	EndGlobalSection
EndGlobal
