
Microsoft Visual Studio Solution File, Format Version 12.00
# Visual Studio 14
VisualStudioVersion = 14.0.25420.1
MinimumVisualStudioVersion = 10.0.40219.1
Project("{FAE04EC0-301F-11D3-BF4B-00C04F79EFBC}") = "CCNet.Extensions.Plugin", "CCNet.Extensions.Plugin\CCNet.Extensions.Plugin.csproj", "{53DB7203-BDF9-4711-A4C6-28EAD1C8524F}"
EndProject
Project("{FAE04EC0-301F-11D3-BF4B-00C04F79EFBC}") = "CCNet.Build.Common", "CCNet.Build.Common\CCNet.Build.Common.csproj", "{439EFE6A-A065-4346-8793-8540452B0924}"
EndProject
Project("{FAE04EC0-301F-11D3-BF4B-00C04F79EFBC}") = "CCNet.Build.GenerateNuspec", "CCNet.Build.GenerateNuspec\CCNet.Build.GenerateNuspec.csproj", "{8A4C0F34-F43A-49F9-8261-C8602B105F66}"
EndProject
Project("{FAE04EC0-301F-11D3-BF4B-00C04F79EFBC}") = "CCNet.Build.Reconfigure", "CCNet.Build.Reconfigure\CCNet.Build.Reconfigure.csproj", "{EC5F9DBD-C984-4516-B4CF-C42149F21CED}"
EndProject
Project("{FAE04EC0-301F-11D3-BF4B-00C04F79EFBC}") = "CCNet.Build.AzureUpload", "CCNet.Build.AzureUpload\CCNet.Build.AzureUpload.csproj", "{2F543D3B-D685-44D5-9B92-505010AC1ACC}"
EndProject
Project("{2150E333-8FDC-42A3-9474-1A3956D46DE8}") = "Plugins", "Plugins", "{F0723BCA-221F-43D5-A412-393A7C074A5E}"
EndProject
Project("{2150E333-8FDC-42A3-9474-1A3956D46DE8}") = "Libraries", "Libraries", "{6A649645-61E7-4BE0-8EB3-04603D14B803}"
EndProject
Project("{FAE04EC0-301F-11D3-BF4B-00C04F79EFBC}") = "CCNet.Build.Confluence", "CCNet.Build.Confluence\CCNet.Build.Confluence.csproj", "{F358AC40-46C8-4521-B3CA-1E39C27D509C}"
EndProject
Project("{FAE04EC0-301F-11D3-BF4B-00C04F79EFBC}") = "CCNet.Build.SetupPackages", "CCNet.Build.SetupPackages\CCNet.Build.SetupPackages.csproj", "{C67DBCF5-20A4-4471-8994-6B536F4ED4D9}"
EndProject
Project("{FAE04EC0-301F-11D3-BF4B-00C04F79EFBC}") = "CCNet.Build.SetupProject", "CCNet.Build.SetupProject\CCNet.Build.SetupProject.csproj", "{75ED2EA4-1453-4952-B0C9-A6A750BD69A3}"
EndProject
Project("{FAE04EC0-301F-11D3-BF4B-00C04F79EFBC}") = "CCNet.Build.NotifyProjects", "CCNet.Build.NotifyProjects\CCNet.Build.NotifyProjects.csproj", "{FF6DD536-C50C-445C-A7A6-DEC0A2FEBF7F}"
EndProject
Project("{FAE04EC0-301F-11D3-BF4B-00C04F79EFBC}") = "CCNet.Build.Tfs", "CCNet.Build.Tfs\CCNet.Build.Tfs.csproj", "{9671226B-2538-4E31-8929-BDA21D63E649}"
EndProject
Project("{FAE04EC0-301F-11D3-BF4B-00C04F79EFBC}") = "CCNet.Build.CheckProject", "CCNet.Build.CheckProject\CCNet.Build.CheckProject.csproj", "{ED216588-1C98-4968-BDE4-92F5BA0BE2B0}"
EndProject
Project("{FAE04EC0-301F-11D3-BF4B-00C04F79EFBC}") = "CCNet.Build.AzureDownload", "CCNet.Build.AzureDownload\CCNet.Build.AzureDownload.csproj", "{7A4BA511-3E9D-4B79-B5A6-83FAF9C8CBC1}"
EndProject
Project("{FAE04EC0-301F-11D3-BF4B-00C04F79EFBC}") = "CCNet.Sandbox", "CCNet.Sandbox\CCNet.Sandbox.csproj", "{5D00A37C-94D2-417D-BF37-3317004B261A}"
EndProject
Project("{2150E333-8FDC-42A3-9474-1A3956D46DE8}") = "CheckProject", "CheckProject", "{B3B00883-94C5-4B4D-9298-5CA258D8107B}"
EndProject
Project("{FAE04EC0-301F-11D3-BF4B-00C04F79EFBC}") = "NetBuild.CheckProject", "NetBuild.CheckProject\NetBuild.CheckProject.csproj", "{62229A30-C8E1-4348-BA47-67E0FFD78A1D}"
EndProject
Project("{FAE04EC0-301F-11D3-BF4B-00C04F79EFBC}") = "NetBuild.ConsoleApp", "NetBuild.ConsoleApp\NetBuild.ConsoleApp.csproj", "{353B252E-AAB0-4CB1-AE6B-5B34B3288F34}"
EndProject
Project("{FAE04EC0-301F-11D3-BF4B-00C04F79EFBC}") = "NetBuild.ConsoleApp.Tests", "NetBuild.ConsoleApp.Tests\NetBuild.ConsoleApp.Tests.csproj", "{C9CF9044-89F3-43FC-B713-DF1FB103DF3B}"
EndProject
Project("{FAE04EC0-301F-11D3-BF4B-00C04F79EFBC}") = "NetBuild.CheckProject.Legacy", "NetBuild.CheckProject.Legacy\NetBuild.CheckProject.Legacy.csproj", "{37A720C6-D664-4E62-BFD6-1C4E1A5ABB03}"
EndProject
Project("{FAE04EC0-301F-11D3-BF4B-00C04F79EFBC}") = "NetBuild.CheckProject.Core", "NetBuild.CheckProject.Core\NetBuild.CheckProject.Core.csproj", "{4B2C1ADC-AD90-49F3-99AB-70C2B5DD670E}"
EndProject
Project("{FAE04EC0-301F-11D3-BF4B-00C04F79EFBC}") = "NetBuild.CheckProject.Standard", "NetBuild.CheckProject.Standard\NetBuild.CheckProject.Standard.csproj", "{D38F1127-3FBE-44EA-A0E2-6726444C1E4B}"
EndProject
Project("{FAE04EC0-301F-11D3-BF4B-00C04F79EFBC}") = "NetBuild.Tfs", "NetBuild.Tfs\NetBuild.Tfs.csproj", "{79954A6F-D979-49DB-8112-6AB4B8A4A9CD}"
EndProject
Project("{FAE04EC0-301F-11D3-BF4B-00C04F79EFBC}") = "NetBuild.CheckProject.SourceControl", "NetBuild.CheckProject.SourceControl\NetBuild.CheckProject.SourceControl.csproj", "{8327BEE7-C400-4C75-B3FB-8F811904051A}"
EndProject
Project("{FAE04EC0-301F-11D3-BF4B-00C04F79EFBC}") = "NetBuild.CheckProject.CnetContent", "NetBuild.CheckProject.CnetContent\NetBuild.CheckProject.CnetContent.csproj", "{68B2F777-FB52-4404-A183-2CD6EC4485CD}"
EndProject
Project("{FAE04EC0-301F-11D3-BF4B-00C04F79EFBC}") = "NetBuild.CheckProject.SourceControl.Tfs", "NetBuild.CheckProject.SourceControl.Tfs\NetBuild.CheckProject.SourceControl.Tfs.csproj", "{67FFD56D-3FF1-4FA0-801E-519C8ACB1B87}"
EndProject
Project("{FAE04EC0-301F-11D3-BF4B-00C04F79EFBC}") = "CCNet.Build.PrepareProject", "CCNet.Build.PrepareProject\CCNet.Build.PrepareProject.csproj", "{B1C79926-7C50-4385-9331-5DE82F69AFE0}"
EndProject
Project("{2150E333-8FDC-42A3-9474-1A3956D46DE8}") = "New", "New", "{964B31D3-D70B-4187-A2B8-CBE63DA8F2E4}"
EndProject
Global
	GlobalSection(SolutionConfigurationPlatforms) = preSolution
		Debug|Any CPU = Debug|Any CPU
		Release|Any CPU = Release|Any CPU
	EndGlobalSection
	GlobalSection(ProjectConfigurationPlatforms) = postSolution
		{53DB7203-BDF9-4711-A4C6-28EAD1C8524F}.Debug|Any CPU.ActiveCfg = Debug|Any CPU
		{53DB7203-BDF9-4711-A4C6-28EAD1C8524F}.Debug|Any CPU.Build.0 = Debug|Any CPU
		{53DB7203-BDF9-4711-A4C6-28EAD1C8524F}.Release|Any CPU.ActiveCfg = Release|Any CPU
		{53DB7203-BDF9-4711-A4C6-28EAD1C8524F}.Release|Any CPU.Build.0 = Release|Any CPU
		{439EFE6A-A065-4346-8793-8540452B0924}.Debug|Any CPU.ActiveCfg = Debug|Any CPU
		{439EFE6A-A065-4346-8793-8540452B0924}.Debug|Any CPU.Build.0 = Debug|Any CPU
		{439EFE6A-A065-4346-8793-8540452B0924}.Release|Any CPU.ActiveCfg = Release|Any CPU
		{439EFE6A-A065-4346-8793-8540452B0924}.Release|Any CPU.Build.0 = Release|Any CPU
		{8A4C0F34-F43A-49F9-8261-C8602B105F66}.Debug|Any CPU.ActiveCfg = Debug|Any CPU
		{8A4C0F34-F43A-49F9-8261-C8602B105F66}.Debug|Any CPU.Build.0 = Debug|Any CPU
		{8A4C0F34-F43A-49F9-8261-C8602B105F66}.Release|Any CPU.ActiveCfg = Release|Any CPU
		{8A4C0F34-F43A-49F9-8261-C8602B105F66}.Release|Any CPU.Build.0 = Release|Any CPU
		{EC5F9DBD-C984-4516-B4CF-C42149F21CED}.Debug|Any CPU.ActiveCfg = Debug|Any CPU
		{EC5F9DBD-C984-4516-B4CF-C42149F21CED}.Debug|Any CPU.Build.0 = Debug|Any CPU
		{EC5F9DBD-C984-4516-B4CF-C42149F21CED}.Release|Any CPU.ActiveCfg = Release|Any CPU
		{EC5F9DBD-C984-4516-B4CF-C42149F21CED}.Release|Any CPU.Build.0 = Release|Any CPU
		{2F543D3B-D685-44D5-9B92-505010AC1ACC}.Debug|Any CPU.ActiveCfg = Debug|Any CPU
		{2F543D3B-D685-44D5-9B92-505010AC1ACC}.Debug|Any CPU.Build.0 = Debug|Any CPU
		{2F543D3B-D685-44D5-9B92-505010AC1ACC}.Release|Any CPU.ActiveCfg = Release|Any CPU
		{2F543D3B-D685-44D5-9B92-505010AC1ACC}.Release|Any CPU.Build.0 = Release|Any CPU
		{F358AC40-46C8-4521-B3CA-1E39C27D509C}.Debug|Any CPU.ActiveCfg = Debug|Any CPU
		{F358AC40-46C8-4521-B3CA-1E39C27D509C}.Debug|Any CPU.Build.0 = Debug|Any CPU
		{F358AC40-46C8-4521-B3CA-1E39C27D509C}.Release|Any CPU.ActiveCfg = Release|Any CPU
		{F358AC40-46C8-4521-B3CA-1E39C27D509C}.Release|Any CPU.Build.0 = Release|Any CPU
		{C67DBCF5-20A4-4471-8994-6B536F4ED4D9}.Debug|Any CPU.ActiveCfg = Debug|Any CPU
		{C67DBCF5-20A4-4471-8994-6B536F4ED4D9}.Debug|Any CPU.Build.0 = Debug|Any CPU
		{C67DBCF5-20A4-4471-8994-6B536F4ED4D9}.Release|Any CPU.ActiveCfg = Release|Any CPU
		{C67DBCF5-20A4-4471-8994-6B536F4ED4D9}.Release|Any CPU.Build.0 = Release|Any CPU
		{75ED2EA4-1453-4952-B0C9-A6A750BD69A3}.Debug|Any CPU.ActiveCfg = Debug|Any CPU
		{75ED2EA4-1453-4952-B0C9-A6A750BD69A3}.Debug|Any CPU.Build.0 = Debug|Any CPU
		{75ED2EA4-1453-4952-B0C9-A6A750BD69A3}.Release|Any CPU.ActiveCfg = Release|Any CPU
		{75ED2EA4-1453-4952-B0C9-A6A750BD69A3}.Release|Any CPU.Build.0 = Release|Any CPU
		{FF6DD536-C50C-445C-A7A6-DEC0A2FEBF7F}.Debug|Any CPU.ActiveCfg = Debug|Any CPU
		{FF6DD536-C50C-445C-A7A6-DEC0A2FEBF7F}.Debug|Any CPU.Build.0 = Debug|Any CPU
		{FF6DD536-C50C-445C-A7A6-DEC0A2FEBF7F}.Release|Any CPU.ActiveCfg = Release|Any CPU
		{FF6DD536-C50C-445C-A7A6-DEC0A2FEBF7F}.Release|Any CPU.Build.0 = Release|Any CPU
		{9671226B-2538-4E31-8929-BDA21D63E649}.Debug|Any CPU.ActiveCfg = Debug|Any CPU
		{9671226B-2538-4E31-8929-BDA21D63E649}.Debug|Any CPU.Build.0 = Debug|Any CPU
		{9671226B-2538-4E31-8929-BDA21D63E649}.Release|Any CPU.ActiveCfg = Release|Any CPU
		{9671226B-2538-4E31-8929-BDA21D63E649}.Release|Any CPU.Build.0 = Release|Any CPU
		{ED216588-1C98-4968-BDE4-92F5BA0BE2B0}.Debug|Any CPU.ActiveCfg = Debug|Any CPU
		{ED216588-1C98-4968-BDE4-92F5BA0BE2B0}.Debug|Any CPU.Build.0 = Debug|Any CPU
		{ED216588-1C98-4968-BDE4-92F5BA0BE2B0}.Release|Any CPU.ActiveCfg = Release|Any CPU
		{ED216588-1C98-4968-BDE4-92F5BA0BE2B0}.Release|Any CPU.Build.0 = Release|Any CPU
		{7A4BA511-3E9D-4B79-B5A6-83FAF9C8CBC1}.Debug|Any CPU.ActiveCfg = Debug|Any CPU
		{7A4BA511-3E9D-4B79-B5A6-83FAF9C8CBC1}.Debug|Any CPU.Build.0 = Debug|Any CPU
		{7A4BA511-3E9D-4B79-B5A6-83FAF9C8CBC1}.Release|Any CPU.ActiveCfg = Release|Any CPU
		{7A4BA511-3E9D-4B79-B5A6-83FAF9C8CBC1}.Release|Any CPU.Build.0 = Release|Any CPU
		{5D00A37C-94D2-417D-BF37-3317004B261A}.Debug|Any CPU.ActiveCfg = Debug|Any CPU
		{5D00A37C-94D2-417D-BF37-3317004B261A}.Debug|Any CPU.Build.0 = Debug|Any CPU
		{5D00A37C-94D2-417D-BF37-3317004B261A}.Release|Any CPU.ActiveCfg = Release|Any CPU
		{5D00A37C-94D2-417D-BF37-3317004B261A}.Release|Any CPU.Build.0 = Release|Any CPU
		{62229A30-C8E1-4348-BA47-67E0FFD78A1D}.Debug|Any CPU.ActiveCfg = Debug|Any CPU
		{62229A30-C8E1-4348-BA47-67E0FFD78A1D}.Debug|Any CPU.Build.0 = Debug|Any CPU
		{62229A30-C8E1-4348-BA47-67E0FFD78A1D}.Release|Any CPU.ActiveCfg = Release|Any CPU
		{62229A30-C8E1-4348-BA47-67E0FFD78A1D}.Release|Any CPU.Build.0 = Release|Any CPU
		{353B252E-AAB0-4CB1-AE6B-5B34B3288F34}.Debug|Any CPU.ActiveCfg = Debug|Any CPU
		{353B252E-AAB0-4CB1-AE6B-5B34B3288F34}.Debug|Any CPU.Build.0 = Debug|Any CPU
		{353B252E-AAB0-4CB1-AE6B-5B34B3288F34}.Release|Any CPU.ActiveCfg = Release|Any CPU
		{353B252E-AAB0-4CB1-AE6B-5B34B3288F34}.Release|Any CPU.Build.0 = Release|Any CPU
		{C9CF9044-89F3-43FC-B713-DF1FB103DF3B}.Debug|Any CPU.ActiveCfg = Debug|Any CPU
		{C9CF9044-89F3-43FC-B713-DF1FB103DF3B}.Debug|Any CPU.Build.0 = Debug|Any CPU
		{C9CF9044-89F3-43FC-B713-DF1FB103DF3B}.Release|Any CPU.ActiveCfg = Release|Any CPU
		{C9CF9044-89F3-43FC-B713-DF1FB103DF3B}.Release|Any CPU.Build.0 = Release|Any CPU
		{37A720C6-D664-4E62-BFD6-1C4E1A5ABB03}.Debug|Any CPU.ActiveCfg = Debug|Any CPU
		{37A720C6-D664-4E62-BFD6-1C4E1A5ABB03}.Debug|Any CPU.Build.0 = Debug|Any CPU
		{37A720C6-D664-4E62-BFD6-1C4E1A5ABB03}.Release|Any CPU.ActiveCfg = Release|Any CPU
		{37A720C6-D664-4E62-BFD6-1C4E1A5ABB03}.Release|Any CPU.Build.0 = Release|Any CPU
		{4B2C1ADC-AD90-49F3-99AB-70C2B5DD670E}.Debug|Any CPU.ActiveCfg = Debug|Any CPU
		{4B2C1ADC-AD90-49F3-99AB-70C2B5DD670E}.Debug|Any CPU.Build.0 = Debug|Any CPU
		{4B2C1ADC-AD90-49F3-99AB-70C2B5DD670E}.Release|Any CPU.ActiveCfg = Release|Any CPU
		{4B2C1ADC-AD90-49F3-99AB-70C2B5DD670E}.Release|Any CPU.Build.0 = Release|Any CPU
		{D38F1127-3FBE-44EA-A0E2-6726444C1E4B}.Debug|Any CPU.ActiveCfg = Debug|Any CPU
		{D38F1127-3FBE-44EA-A0E2-6726444C1E4B}.Debug|Any CPU.Build.0 = Debug|Any CPU
		{D38F1127-3FBE-44EA-A0E2-6726444C1E4B}.Release|Any CPU.ActiveCfg = Release|Any CPU
		{D38F1127-3FBE-44EA-A0E2-6726444C1E4B}.Release|Any CPU.Build.0 = Release|Any CPU
		{79954A6F-D979-49DB-8112-6AB4B8A4A9CD}.Debug|Any CPU.ActiveCfg = Debug|Any CPU
		{79954A6F-D979-49DB-8112-6AB4B8A4A9CD}.Debug|Any CPU.Build.0 = Debug|Any CPU
		{79954A6F-D979-49DB-8112-6AB4B8A4A9CD}.Release|Any CPU.ActiveCfg = Release|Any CPU
		{79954A6F-D979-49DB-8112-6AB4B8A4A9CD}.Release|Any CPU.Build.0 = Release|Any CPU
		{8327BEE7-C400-4C75-B3FB-8F811904051A}.Debug|Any CPU.ActiveCfg = Debug|Any CPU
		{8327BEE7-C400-4C75-B3FB-8F811904051A}.Debug|Any CPU.Build.0 = Debug|Any CPU
		{8327BEE7-C400-4C75-B3FB-8F811904051A}.Release|Any CPU.ActiveCfg = Release|Any CPU
		{8327BEE7-C400-4C75-B3FB-8F811904051A}.Release|Any CPU.Build.0 = Release|Any CPU
		{68B2F777-FB52-4404-A183-2CD6EC4485CD}.Debug|Any CPU.ActiveCfg = Debug|Any CPU
		{68B2F777-FB52-4404-A183-2CD6EC4485CD}.Debug|Any CPU.Build.0 = Debug|Any CPU
		{68B2F777-FB52-4404-A183-2CD6EC4485CD}.Release|Any CPU.ActiveCfg = Release|Any CPU
		{68B2F777-FB52-4404-A183-2CD6EC4485CD}.Release|Any CPU.Build.0 = Release|Any CPU
		{67FFD56D-3FF1-4FA0-801E-519C8ACB1B87}.Debug|Any CPU.ActiveCfg = Debug|Any CPU
		{67FFD56D-3FF1-4FA0-801E-519C8ACB1B87}.Debug|Any CPU.Build.0 = Debug|Any CPU
		{67FFD56D-3FF1-4FA0-801E-519C8ACB1B87}.Release|Any CPU.ActiveCfg = Release|Any CPU
		{67FFD56D-3FF1-4FA0-801E-519C8ACB1B87}.Release|Any CPU.Build.0 = Release|Any CPU
		{B1C79926-7C50-4385-9331-5DE82F69AFE0}.Debug|Any CPU.ActiveCfg = Debug|Any CPU
		{B1C79926-7C50-4385-9331-5DE82F69AFE0}.Debug|Any CPU.Build.0 = Debug|Any CPU
		{B1C79926-7C50-4385-9331-5DE82F69AFE0}.Release|Any CPU.ActiveCfg = Release|Any CPU
		{B1C79926-7C50-4385-9331-5DE82F69AFE0}.Release|Any CPU.Build.0 = Release|Any CPU
	EndGlobalSection
	GlobalSection(SolutionProperties) = preSolution
		HideSolutionNode = FALSE
	EndGlobalSection
	GlobalSection(NestedProjects) = preSolution
		{53DB7203-BDF9-4711-A4C6-28EAD1C8524F} = {F0723BCA-221F-43D5-A412-393A7C074A5E}
		{439EFE6A-A065-4346-8793-8540452B0924} = {6A649645-61E7-4BE0-8EB3-04603D14B803}
		{F358AC40-46C8-4521-B3CA-1E39C27D509C} = {6A649645-61E7-4BE0-8EB3-04603D14B803}
		{9671226B-2538-4E31-8929-BDA21D63E649} = {6A649645-61E7-4BE0-8EB3-04603D14B803}
		{62229A30-C8E1-4348-BA47-67E0FFD78A1D} = {B3B00883-94C5-4B4D-9298-5CA258D8107B}
		{353B252E-AAB0-4CB1-AE6B-5B34B3288F34} = {6A649645-61E7-4BE0-8EB3-04603D14B803}
		{C9CF9044-89F3-43FC-B713-DF1FB103DF3B} = {6A649645-61E7-4BE0-8EB3-04603D14B803}
		{37A720C6-D664-4E62-BFD6-1C4E1A5ABB03} = {B3B00883-94C5-4B4D-9298-5CA258D8107B}
		{4B2C1ADC-AD90-49F3-99AB-70C2B5DD670E} = {B3B00883-94C5-4B4D-9298-5CA258D8107B}
		{D38F1127-3FBE-44EA-A0E2-6726444C1E4B} = {B3B00883-94C5-4B4D-9298-5CA258D8107B}
		{79954A6F-D979-49DB-8112-6AB4B8A4A9CD} = {6A649645-61E7-4BE0-8EB3-04603D14B803}
		{8327BEE7-C400-4C75-B3FB-8F811904051A} = {B3B00883-94C5-4B4D-9298-5CA258D8107B}
		{68B2F777-FB52-4404-A183-2CD6EC4485CD} = {F0723BCA-221F-43D5-A412-393A7C074A5E}
		{67FFD56D-3FF1-4FA0-801E-519C8ACB1B87} = {B3B00883-94C5-4B4D-9298-5CA258D8107B}
		{B1C79926-7C50-4385-9331-5DE82F69AFE0} = {964B31D3-D70B-4187-A2B8-CBE63DA8F2E4}
	EndGlobalSection
	GlobalSection(TestCaseManagementSettings) = postSolution
		CategoryFile = CCNet.Extensions.vsmdi
	EndGlobalSection
EndGlobal
